
Microsoft Visual Studio Solution File, Format Version 12.00
Project("{FAE04EC0-301F-11D3-BF4B-00C04F79EFBC}") = "UdemyDockerConsoleExamples", "UdemyDockerConsoleExamples\UdemyDockerConsoleExamples.csproj", "{45D3D762-DCCE-4844-8029-16E41B877692}"
EndProject
Global
	GlobalSection(SolutionConfigurationPlatforms) = preSolution
		Debug|Any CPU = Debug|Any CPU
		Release|Any CPU = Release|Any CPU
	EndGlobalSection
	GlobalSection(ProjectConfigurationPlatforms) = postSolution
		{45D3D762-DCCE-4844-8029-16E41B877692}.Debug|Any CPU.ActiveCfg = Debug|Any CPU
		{45D3D762-DCCE-4844-8029-16E41B877692}.Debug|Any CPU.Build.0 = Debug|Any CPU
		{45D3D762-DCCE-4844-8029-16E41B877692}.Release|Any CPU.ActiveCfg = Release|Any CPU
		{45D3D762-DCCE-4844-8029-16E41B877692}.Release|Any CPU.Build.0 = Release|Any CPU
	EndGlobalSection
EndGlobal
